
Microsoft Visual Studio Solution File, Format Version 12.00
# Visual Studio Version 17
VisualStudioVersion = 17.9.34607.119
MinimumVisualStudioVersion = 10.0.40219.1
Project("{FAE04EC0-301F-11D3-BF4B-00C04F79EFBC}") = "MoneyCalcApp", "MoneyCalcApp.csproj", "{7DF68B0F-AB20-4B56-A3F7-5789FB8B3B0E}"
EndProject
Global
	GlobalSection(SolutionConfigurationPlatforms) = preSolution
		Debug|Any CPU = Debug|Any CPU
		Release|Any CPU = Release|Any CPU
	EndGlobalSection
	GlobalSection(ProjectConfigurationPlatforms) = postSolution
		{7DF68B0F-AB20-4B56-A3F7-5789FB8B3B0E}.Debug|Any CPU.ActiveCfg = Debug|Any CPU
		{7DF68B0F-AB20-4B56-A3F7-5789FB8B3B0E}.Debug|Any CPU.Build.0 = Debug|Any CPU
		{7DF68B0F-AB20-4B56-A3F7-5789FB8B3B0E}.Debug|Any CPU.Deploy.0 = Debug|Any CPU
		{7DF68B0F-AB20-4B56-A3F7-5789FB8B3B0E}.Release|Any CPU.ActiveCfg = Release|Any CPU
		{7DF68B0F-AB20-4B56-A3F7-5789FB8B3B0E}.Release|Any CPU.Build.0 = Release|Any CPU
		{7DF68B0F-AB20-4B56-A3F7-5789FB8B3B0E}.Release|Any CPU.Deploy.0 = Release|Any CPU
	EndGlobalSection
	GlobalSection(SolutionProperties) = preSolution
		HideSolutionNode = FALSE
	EndGlobalSection
	GlobalSection(ExtensibilityGlobals) = postSolution
		SolutionGuid = {1F3AA62C-72B0-40BC-9FAF-D80D482D3E14}
	EndGlobalSection
EndGlobal
